// !$*UTF8*$!
{
	archiveVersion = 1;
	classes = {
	};
	objectVersion = 55;
	objects = {

/* Begin PBXBuildFile section */
		4E966C3728AB67C9006BC9A1 /* AppDelegate.swift in Sources */ = {isa = PBXBuildFile; fileRef = 4E966C3628AB67C9006BC9A1 /* AppDelegate.swift */; };
		4E966C3928AB67C9006BC9A1 /* SceneDelegate.swift in Sources */ = {isa = PBXBuildFile; fileRef = 4E966C3828AB67C9006BC9A1 /* SceneDelegate.swift */; };
		4E966C3B28AB67C9006BC9A1 /* SearchArtistController.swift in Sources */ = {isa = PBXBuildFile; fileRef = 4E966C3A28AB67C9006BC9A1 /* SearchArtistController.swift */; };
		4E966C4028AB67CB006BC9A1 /* Assets.xcassets in Resources */ = {isa = PBXBuildFile; fileRef = 4E966C3F28AB67CB006BC9A1 /* Assets.xcassets */; };
		4E966C4328AB67CB006BC9A1 /* LaunchScreen.storyboard in Resources */ = {isa = PBXBuildFile; fileRef = 4E966C4128AB67CB006BC9A1 /* LaunchScreen.storyboard */; };
		4E966C4E28AB67CB006BC9A1 /* TIDAL_AssignmentTests.swift in Sources */ = {isa = PBXBuildFile; fileRef = 4E966C4D28AB67CB006BC9A1 /* TIDAL_AssignmentTests.swift */; };
		4E966C5828AB67CB006BC9A1 /* TIDAL_AssignmentUITests.swift in Sources */ = {isa = PBXBuildFile; fileRef = 4E966C5728AB67CB006BC9A1 /* TIDAL_AssignmentUITests.swift */; };
		4E966C5A28AB67CB006BC9A1 /* TIDAL_AssignmentUITestsLaunchTests.swift in Sources */ = {isa = PBXBuildFile; fileRef = 4E966C5928AB67CB006BC9A1 /* TIDAL_AssignmentUITestsLaunchTests.swift */; };
		4E966C6C28AB6AAB006BC9A1 /* SearchArtistCoordinator.swift in Sources */ = {isa = PBXBuildFile; fileRef = 4E966C6B28AB6AAB006BC9A1 /* SearchArtistCoordinator.swift */; };
		4E966C6E28AB6ABF006BC9A1 /* AppCoordinator.swift in Sources */ = {isa = PBXBuildFile; fileRef = 4E966C6D28AB6ABF006BC9A1 /* AppCoordinator.swift */; };
		4E966C7028AB6AD0006BC9A1 /* BaseCoordinator.swift in Sources */ = {isa = PBXBuildFile; fileRef = 4E966C6F28AB6AD0006BC9A1 /* BaseCoordinator.swift */; };
		4E966C7228AB6F40006BC9A1 /* AlbumListController.swift in Sources */ = {isa = PBXBuildFile; fileRef = 4E966C7128AB6F40006BC9A1 /* AlbumListController.swift */; };
		4E966C7428AB6F52006BC9A1 /* AlbumListCoordinator.swift in Sources */ = {isa = PBXBuildFile; fileRef = 4E966C7328AB6F52006BC9A1 /* AlbumListCoordinator.swift */; };
		4E966C7628AB7567006BC9A1 /* AlbumInfoController.swift in Sources */ = {isa = PBXBuildFile; fileRef = 4E966C7528AB7567006BC9A1 /* AlbumInfoController.swift */; };
		4E966C7828AB7572006BC9A1 /* AlbumInfoCoordinator.swift in Sources */ = {isa = PBXBuildFile; fileRef = 4E966C7728AB7572006BC9A1 /* AlbumInfoCoordinator.swift */; };
		4E966C7C28ABA11C006BC9A1 /* Coordinated.swift in Sources */ = {isa = PBXBuildFile; fileRef = 4E966C7B28ABA11C006BC9A1 /* Coordinated.swift */; };
		4EBF492628ACE82C000D01B0 /* IC-TheCodingChallenge.pdf in Resources */ = {isa = PBXBuildFile; fileRef = 4EBF492528ACE82C000D01B0 /* IC-TheCodingChallenge.pdf */; };
		4EBF492928ACF460000D01B0 /* CustomColors.swift in Sources */ = {isa = PBXBuildFile; fileRef = 4EBF492828ACF460000D01B0 /* CustomColors.swift */; };
		4EBF492F28AD0865000D01B0 /* Artist.swift in Sources */ = {isa = PBXBuildFile; fileRef = 4EBF492E28AD0865000D01B0 /* Artist.swift */; };
		4EBF493228AD0953000D01B0 /* SearchArtistApiService.swift in Sources */ = {isa = PBXBuildFile; fileRef = 4EBF493128AD0953000D01B0 /* SearchArtistApiService.swift */; };
		4EBF493428AD09F6000D01B0 /* ApiClient.swift in Sources */ = {isa = PBXBuildFile; fileRef = 4EBF493328AD09F6000D01B0 /* ApiClient.swift */; };
		4EBF493628AD1CB0000D01B0 /* ApiError.swift in Sources */ = {isa = PBXBuildFile; fileRef = 4EBF493528AD1CB0000D01B0 /* ApiError.swift */; };
		4EBF493828AD1CC7000D01B0 /* Resource.swift in Sources */ = {isa = PBXBuildFile; fileRef = 4EBF493728AD1CC7000D01B0 /* Resource.swift */; };
		4EBF493A28AD30B0000D01B0 /* Album.swift in Sources */ = {isa = PBXBuildFile; fileRef = 4EBF493928AD30B0000D01B0 /* Album.swift */; };
		4EBF493C28AD3299000D01B0 /* AlbumListApiService.swift in Sources */ = {isa = PBXBuildFile; fileRef = 4EBF493B28AD3299000D01B0 /* AlbumListApiService.swift */; };
		4EBF493E28AD3B38000D01B0 /* Track.swift in Sources */ = {isa = PBXBuildFile; fileRef = 4EBF493D28AD3B38000D01B0 /* Track.swift */; };
		4EBF494028AD3E55000D01B0 /* AlbumInfoApiService.swift in Sources */ = {isa = PBXBuildFile; fileRef = 4EBF493F28AD3E55000D01B0 /* AlbumInfoApiService.swift */; };
/* End PBXBuildFile section */

/* Begin PBXContainerItemProxy section */
		4E966C4A28AB67CB006BC9A1 /* PBXContainerItemProxy */ = {
			isa = PBXContainerItemProxy;
			containerPortal = 4E966C2B28AB67C9006BC9A1 /* Project object */;
			proxyType = 1;
			remoteGlobalIDString = 4E966C3228AB67C9006BC9A1;
			remoteInfo = "TIDAL-Assignment";
		};
		4E966C5428AB67CB006BC9A1 /* PBXContainerItemProxy */ = {
			isa = PBXContainerItemProxy;
			containerPortal = 4E966C2B28AB67C9006BC9A1 /* Project object */;
			proxyType = 1;
			remoteGlobalIDString = 4E966C3228AB67C9006BC9A1;
			remoteInfo = "TIDAL-Assignment";
		};
/* End PBXContainerItemProxy section */

/* Begin PBXFileReference section */
		4E966C3328AB67C9006BC9A1 /* TIDAL-Assignment.app */ = {isa = PBXFileReference; explicitFileType = wrapper.application; includeInIndex = 0; path = "TIDAL-Assignment.app"; sourceTree = BUILT_PRODUCTS_DIR; };
		4E966C3628AB67C9006BC9A1 /* AppDelegate.swift */ = {isa = PBXFileReference; lastKnownFileType = sourcecode.swift; path = AppDelegate.swift; sourceTree = "<group>"; };
		4E966C3828AB67C9006BC9A1 /* SceneDelegate.swift */ = {isa = PBXFileReference; lastKnownFileType = sourcecode.swift; path = SceneDelegate.swift; sourceTree = "<group>"; };
		4E966C3A28AB67C9006BC9A1 /* SearchArtistController.swift */ = {isa = PBXFileReference; lastKnownFileType = sourcecode.swift; path = SearchArtistController.swift; sourceTree = "<group>"; };
		4E966C3F28AB67CB006BC9A1 /* Assets.xcassets */ = {isa = PBXFileReference; lastKnownFileType = folder.assetcatalog; path = Assets.xcassets; sourceTree = "<group>"; };
		4E966C4228AB67CB006BC9A1 /* Base */ = {isa = PBXFileReference; lastKnownFileType = file.storyboard; name = Base; path = Base.lproj/LaunchScreen.storyboard; sourceTree = "<group>"; };
		4E966C4428AB67CB006BC9A1 /* Info.plist */ = {isa = PBXFileReference; lastKnownFileType = text.plist.xml; path = Info.plist; sourceTree = "<group>"; };
		4E966C4928AB67CB006BC9A1 /* TIDAL-AssignmentTests.xctest */ = {isa = PBXFileReference; explicitFileType = wrapper.cfbundle; includeInIndex = 0; path = "TIDAL-AssignmentTests.xctest"; sourceTree = BUILT_PRODUCTS_DIR; };
		4E966C4D28AB67CB006BC9A1 /* TIDAL_AssignmentTests.swift */ = {isa = PBXFileReference; lastKnownFileType = sourcecode.swift; path = TIDAL_AssignmentTests.swift; sourceTree = "<group>"; };
		4E966C5328AB67CB006BC9A1 /* TIDAL-AssignmentUITests.xctest */ = {isa = PBXFileReference; explicitFileType = wrapper.cfbundle; includeInIndex = 0; path = "TIDAL-AssignmentUITests.xctest"; sourceTree = BUILT_PRODUCTS_DIR; };
		4E966C5728AB67CB006BC9A1 /* TIDAL_AssignmentUITests.swift */ = {isa = PBXFileReference; lastKnownFileType = sourcecode.swift; path = TIDAL_AssignmentUITests.swift; sourceTree = "<group>"; };
		4E966C5928AB67CB006BC9A1 /* TIDAL_AssignmentUITestsLaunchTests.swift */ = {isa = PBXFileReference; lastKnownFileType = sourcecode.swift; path = TIDAL_AssignmentUITestsLaunchTests.swift; sourceTree = "<group>"; };
		4E966C6B28AB6AAB006BC9A1 /* SearchArtistCoordinator.swift */ = {isa = PBXFileReference; lastKnownFileType = sourcecode.swift; path = SearchArtistCoordinator.swift; sourceTree = "<group>"; };
		4E966C6D28AB6ABF006BC9A1 /* AppCoordinator.swift */ = {isa = PBXFileReference; lastKnownFileType = sourcecode.swift; path = AppCoordinator.swift; sourceTree = "<group>"; };
		4E966C6F28AB6AD0006BC9A1 /* BaseCoordinator.swift */ = {isa = PBXFileReference; lastKnownFileType = sourcecode.swift; path = BaseCoordinator.swift; sourceTree = "<group>"; };
		4E966C7128AB6F40006BC9A1 /* AlbumListController.swift */ = {isa = PBXFileReference; lastKnownFileType = sourcecode.swift; path = AlbumListController.swift; sourceTree = "<group>"; };
		4E966C7328AB6F52006BC9A1 /* AlbumListCoordinator.swift */ = {isa = PBXFileReference; lastKnownFileType = sourcecode.swift; path = AlbumListCoordinator.swift; sourceTree = "<group>"; };
		4E966C7528AB7567006BC9A1 /* AlbumInfoController.swift */ = {isa = PBXFileReference; lastKnownFileType = sourcecode.swift; path = AlbumInfoController.swift; sourceTree = "<group>"; };
		4E966C7728AB7572006BC9A1 /* AlbumInfoCoordinator.swift */ = {isa = PBXFileReference; lastKnownFileType = sourcecode.swift; path = AlbumInfoCoordinator.swift; sourceTree = "<group>"; };
		4E966C7B28ABA11C006BC9A1 /* Coordinated.swift */ = {isa = PBXFileReference; lastKnownFileType = sourcecode.swift; path = Coordinated.swift; sourceTree = "<group>"; };
		4EBF492528ACE82C000D01B0 /* IC-TheCodingChallenge.pdf */ = {isa = PBXFileReference; lastKnownFileType = image.pdf; path = "IC-TheCodingChallenge.pdf"; sourceTree = "<group>"; };
		4EBF492828ACF460000D01B0 /* CustomColors.swift */ = {isa = PBXFileReference; lastKnownFileType = sourcecode.swift; path = CustomColors.swift; sourceTree = "<group>"; };
		4EBF492E28AD0865000D01B0 /* Artist.swift */ = {isa = PBXFileReference; lastKnownFileType = sourcecode.swift; path = Artist.swift; sourceTree = "<group>"; };
		4EBF493128AD0953000D01B0 /* SearchArtistApiService.swift */ = {isa = PBXFileReference; lastKnownFileType = sourcecode.swift; path = SearchArtistApiService.swift; sourceTree = "<group>"; };
		4EBF493328AD09F6000D01B0 /* ApiClient.swift */ = {isa = PBXFileReference; lastKnownFileType = sourcecode.swift; path = ApiClient.swift; sourceTree = "<group>"; };
		4EBF493528AD1CB0000D01B0 /* ApiError.swift */ = {isa = PBXFileReference; lastKnownFileType = sourcecode.swift; path = ApiError.swift; sourceTree = "<group>"; };
		4EBF493728AD1CC7000D01B0 /* Resource.swift */ = {isa = PBXFileReference; lastKnownFileType = sourcecode.swift; path = Resource.swift; sourceTree = "<group>"; };
		4EBF493928AD30B0000D01B0 /* Album.swift */ = {isa = PBXFileReference; lastKnownFileType = sourcecode.swift; path = Album.swift; sourceTree = "<group>"; };
		4EBF493B28AD3299000D01B0 /* AlbumListApiService.swift */ = {isa = PBXFileReference; lastKnownFileType = sourcecode.swift; path = AlbumListApiService.swift; sourceTree = "<group>"; };
		4EBF493D28AD3B38000D01B0 /* Track.swift */ = {isa = PBXFileReference; lastKnownFileType = sourcecode.swift; path = Track.swift; sourceTree = "<group>"; };
		4EBF493F28AD3E55000D01B0 /* AlbumInfoApiService.swift */ = {isa = PBXFileReference; lastKnownFileType = sourcecode.swift; path = AlbumInfoApiService.swift; sourceTree = "<group>"; };
/* End PBXFileReference section */

/* Begin PBXFrameworksBuildPhase section */
		4E966C3028AB67C9006BC9A1 /* Frameworks */ = {
			isa = PBXFrameworksBuildPhase;
			buildActionMask = 2147483647;
			files = (
			);
			runOnlyForDeploymentPostprocessing = 0;
		};
		4E966C4628AB67CB006BC9A1 /* Frameworks */ = {
			isa = PBXFrameworksBuildPhase;
			buildActionMask = 2147483647;
			files = (
			);
			runOnlyForDeploymentPostprocessing = 0;
		};
		4E966C5028AB67CB006BC9A1 /* Frameworks */ = {
			isa = PBXFrameworksBuildPhase;
			buildActionMask = 2147483647;
			files = (
			);
			runOnlyForDeploymentPostprocessing = 0;
		};
/* End PBXFrameworksBuildPhase section */

/* Begin PBXGroup section */
		4E966C2A28AB67C9006BC9A1 = {
			isa = PBXGroup;
			children = (
				4EBF492528ACE82C000D01B0 /* IC-TheCodingChallenge.pdf */,
				4E966C3528AB67C9006BC9A1 /* TIDAL-Assignment */,
				4E966C4C28AB67CB006BC9A1 /* TIDAL-AssignmentTests */,
				4E966C5628AB67CB006BC9A1 /* TIDAL-AssignmentUITests */,
				4E966C3428AB67C9006BC9A1 /* Products */,
			);
			sourceTree = "<group>";
		};
		4E966C3428AB67C9006BC9A1 /* Products */ = {
			isa = PBXGroup;
			children = (
				4E966C3328AB67C9006BC9A1 /* TIDAL-Assignment.app */,
				4E966C4928AB67CB006BC9A1 /* TIDAL-AssignmentTests.xctest */,
				4E966C5328AB67CB006BC9A1 /* TIDAL-AssignmentUITests.xctest */,
			);
			name = Products;
			sourceTree = "<group>";
		};
		4E966C3528AB67C9006BC9A1 /* TIDAL-Assignment */ = {
			isa = PBXGroup;
			children = (
				4E966C6628AB694E006BC9A1 /* Core */,
				4E966C6728AB6959006BC9A1 /* SearchArtistFeature */,
				4E966C6828AB696E006BC9A1 /* AlbumListFeature */,
				4E966C6928AB6976006BC9A1 /* AlbumFeature */,
				4E966C3628AB67C9006BC9A1 /* AppDelegate.swift */,
				4E966C3828AB67C9006BC9A1 /* SceneDelegate.swift */,
				4E966C6D28AB6ABF006BC9A1 /* AppCoordinator.swift */,
				4E966C3F28AB67CB006BC9A1 /* Assets.xcassets */,
				4E966C4128AB67CB006BC9A1 /* LaunchScreen.storyboard */,
				4E966C4428AB67CB006BC9A1 /* Info.plist */,
			);
			path = "TIDAL-Assignment";
			sourceTree = "<group>";
		};
		4E966C4C28AB67CB006BC9A1 /* TIDAL-AssignmentTests */ = {
			isa = PBXGroup;
			children = (
				4E966C4D28AB67CB006BC9A1 /* TIDAL_AssignmentTests.swift */,
			);
			path = "TIDAL-AssignmentTests";
			sourceTree = "<group>";
		};
		4E966C5628AB67CB006BC9A1 /* TIDAL-AssignmentUITests */ = {
			isa = PBXGroup;
			children = (
				4E966C5728AB67CB006BC9A1 /* TIDAL_AssignmentUITests.swift */,
				4E966C5928AB67CB006BC9A1 /* TIDAL_AssignmentUITestsLaunchTests.swift */,
			);
			path = "TIDAL-AssignmentUITests";
			sourceTree = "<group>";
		};
		4E966C6628AB694E006BC9A1 /* Core */ = {
			isa = PBXGroup;
			children = (
				4EBF493028AD08F0000D01B0 /* Network */,
				4EBF492D28AD0832000D01B0 /* Models */,
				4EBF492728ACF44D000D01B0 /* Extensions */,
				4E966C6A28AB6A91006BC9A1 /* Coordinators */,
			);
			path = Core;
			sourceTree = "<group>";
		};
		4E966C6728AB6959006BC9A1 /* SearchArtistFeature */ = {
			isa = PBXGroup;
			children = (
				4E966C3A28AB67C9006BC9A1 /* SearchArtistController.swift */,
				4E966C6B28AB6AAB006BC9A1 /* SearchArtistCoordinator.swift */,
				4EBF493128AD0953000D01B0 /* SearchArtistApiService.swift */,
			);
			path = SearchArtistFeature;
			sourceTree = "<group>";
		};
		4E966C6828AB696E006BC9A1 /* AlbumListFeature */ = {
			isa = PBXGroup;
			children = (
				4E966C7128AB6F40006BC9A1 /* AlbumListController.swift */,
				4E966C7328AB6F52006BC9A1 /* AlbumListCoordinator.swift */,
				4EBF493B28AD3299000D01B0 /* AlbumListApiService.swift */,
			);
			path = AlbumListFeature;
			sourceTree = "<group>";
		};
		4E966C6928AB6976006BC9A1 /* AlbumFeature */ = {
			isa = PBXGroup;
			children = (
				4E966C7528AB7567006BC9A1 /* AlbumInfoController.swift */,
				4E966C7728AB7572006BC9A1 /* AlbumInfoCoordinator.swift */,
				4EBF493F28AD3E55000D01B0 /* AlbumInfoApiService.swift */,
			);
			path = AlbumFeature;
			sourceTree = "<group>";
		};
		4E966C6A28AB6A91006BC9A1 /* Coordinators */ = {
			isa = PBXGroup;
			children = (
				4E966C6F28AB6AD0006BC9A1 /* BaseCoordinator.swift */,
				4E966C7B28ABA11C006BC9A1 /* Coordinated.swift */,
			);
			path = Coordinators;
			sourceTree = "<group>";
		};
		4EBF492728ACF44D000D01B0 /* Extensions */ = {
			isa = PBXGroup;
			children = (
				4EBF492828ACF460000D01B0 /* CustomColors.swift */,
			);
			path = Extensions;
			sourceTree = "<group>";
		};
		4EBF492D28AD0832000D01B0 /* Models */ = {
			isa = PBXGroup;
			children = (
				4EBF492E28AD0865000D01B0 /* Artist.swift */,
				4EBF493928AD30B0000D01B0 /* Album.swift */,
				4EBF493D28AD3B38000D01B0 /* Track.swift */,
			);
			path = Models;
			sourceTree = "<group>";
		};
		4EBF493028AD08F0000D01B0 /* Network */ = {
			isa = PBXGroup;
			children = (
				4EBF493328AD09F6000D01B0 /* ApiClient.swift */,
				4EBF493528AD1CB0000D01B0 /* ApiError.swift */,
				4EBF493728AD1CC7000D01B0 /* Resource.swift */,
			);
			path = Network;
			sourceTree = "<group>";
		};
/* End PBXGroup section */

/* Begin PBXNativeTarget section */
		4E966C3228AB67C9006BC9A1 /* TIDAL-Assignment */ = {
			isa = PBXNativeTarget;
			buildConfigurationList = 4E966C5D28AB67CB006BC9A1 /* Build configuration list for PBXNativeTarget "TIDAL-Assignment" */;
			buildPhases = (
				4E966C2F28AB67C9006BC9A1 /* Sources */,
				4E966C3028AB67C9006BC9A1 /* Frameworks */,
				4E966C3128AB67C9006BC9A1 /* Resources */,
			);
			buildRules = (
			);
			dependencies = (
			);
			name = "TIDAL-Assignment";
			productName = "TIDAL-Assignment";
			productReference = 4E966C3328AB67C9006BC9A1 /* TIDAL-Assignment.app */;
			productType = "com.apple.product-type.application";
		};
		4E966C4828AB67CB006BC9A1 /* TIDAL-AssignmentTests */ = {
			isa = PBXNativeTarget;
			buildConfigurationList = 4E966C6028AB67CB006BC9A1 /* Build configuration list for PBXNativeTarget "TIDAL-AssignmentTests" */;
			buildPhases = (
				4E966C4528AB67CB006BC9A1 /* Sources */,
				4E966C4628AB67CB006BC9A1 /* Frameworks */,
				4E966C4728AB67CB006BC9A1 /* Resources */,
			);
			buildRules = (
			);
			dependencies = (
				4E966C4B28AB67CB006BC9A1 /* PBXTargetDependency */,
			);
			name = "TIDAL-AssignmentTests";
			productName = "TIDAL-AssignmentTests";
			productReference = 4E966C4928AB67CB006BC9A1 /* TIDAL-AssignmentTests.xctest */;
			productType = "com.apple.product-type.bundle.unit-test";
		};
		4E966C5228AB67CB006BC9A1 /* TIDAL-AssignmentUITests */ = {
			isa = PBXNativeTarget;
			buildConfigurationList = 4E966C6328AB67CB006BC9A1 /* Build configuration list for PBXNativeTarget "TIDAL-AssignmentUITests" */;
			buildPhases = (
				4E966C4F28AB67CB006BC9A1 /* Sources */,
				4E966C5028AB67CB006BC9A1 /* Frameworks */,
				4E966C5128AB67CB006BC9A1 /* Resources */,
			);
			buildRules = (
			);
			dependencies = (
				4E966C5528AB67CB006BC9A1 /* PBXTargetDependency */,
			);
			name = "TIDAL-AssignmentUITests";
			productName = "TIDAL-AssignmentUITests";
			productReference = 4E966C5328AB67CB006BC9A1 /* TIDAL-AssignmentUITests.xctest */;
			productType = "com.apple.product-type.bundle.ui-testing";
		};
/* End PBXNativeTarget section */

/* Begin PBXProject section */
		4E966C2B28AB67C9006BC9A1 /* Project object */ = {
			isa = PBXProject;
			attributes = {
				BuildIndependentTargetsInParallel = 1;
				LastSwiftUpdateCheck = 1340;
				LastUpgradeCheck = 1340;
				TargetAttributes = {
					4E966C3228AB67C9006BC9A1 = {
						CreatedOnToolsVersion = 13.4.1;
					};
					4E966C4828AB67CB006BC9A1 = {
						CreatedOnToolsVersion = 13.4.1;
						TestTargetID = 4E966C3228AB67C9006BC9A1;
					};
					4E966C5228AB67CB006BC9A1 = {
						CreatedOnToolsVersion = 13.4.1;
						TestTargetID = 4E966C3228AB67C9006BC9A1;
					};
				};
			};
			buildConfigurationList = 4E966C2E28AB67C9006BC9A1 /* Build configuration list for PBXProject "TIDAL-Assignment" */;
			compatibilityVersion = "Xcode 13.0";
			developmentRegion = en;
			hasScannedForEncodings = 0;
			knownRegions = (
				en,
				Base,
			);
			mainGroup = 4E966C2A28AB67C9006BC9A1;
			productRefGroup = 4E966C3428AB67C9006BC9A1 /* Products */;
			projectDirPath = "";
			projectRoot = "";
			targets = (
				4E966C3228AB67C9006BC9A1 /* TIDAL-Assignment */,
				4E966C4828AB67CB006BC9A1 /* TIDAL-AssignmentTests */,
				4E966C5228AB67CB006BC9A1 /* TIDAL-AssignmentUITests */,
			);
		};
/* End PBXProject section */

/* Begin PBXResourcesBuildPhase section */
		4E966C3128AB67C9006BC9A1 /* Resources */ = {
			isa = PBXResourcesBuildPhase;
			buildActionMask = 2147483647;
			files = (
				4E966C4328AB67CB006BC9A1 /* LaunchScreen.storyboard in Resources */,
				4E966C4028AB67CB006BC9A1 /* Assets.xcassets in Resources */,
				4EBF492628ACE82C000D01B0 /* IC-TheCodingChallenge.pdf in Resources */,
			);
			runOnlyForDeploymentPostprocessing = 0;
		};
		4E966C4728AB67CB006BC9A1 /* Resources */ = {
			isa = PBXResourcesBuildPhase;
			buildActionMask = 2147483647;
			files = (
			);
			runOnlyForDeploymentPostprocessing = 0;
		};
		4E966C5128AB67CB006BC9A1 /* Resources */ = {
			isa = PBXResourcesBuildPhase;
			buildActionMask = 2147483647;
			files = (
			);
			runOnlyForDeploymentPostprocessing = 0;
		};
/* End PBXResourcesBuildPhase section */

/* Begin PBXSourcesBuildPhase section */
		4E966C2F28AB67C9006BC9A1 /* Sources */ = {
			isa = PBXSourcesBuildPhase;
			buildActionMask = 2147483647;
			files = (
				4E966C3B28AB67C9006BC9A1 /* SearchArtistController.swift in Sources */,
				4E966C7628AB7567006BC9A1 /* AlbumInfoController.swift in Sources */,
				4E966C7C28ABA11C006BC9A1 /* Coordinated.swift in Sources */,
				4E966C7028AB6AD0006BC9A1 /* BaseCoordinator.swift in Sources */,
				4E966C6C28AB6AAB006BC9A1 /* SearchArtistCoordinator.swift in Sources */,
				4EBF493A28AD30B0000D01B0 /* Album.swift in Sources */,
				4E966C7228AB6F40006BC9A1 /* AlbumListController.swift in Sources */,
				4EBF494028AD3E55000D01B0 /* AlbumInfoApiService.swift in Sources */,
				4E966C6E28AB6ABF006BC9A1 /* AppCoordinator.swift in Sources */,
				4EBF493C28AD3299000D01B0 /* AlbumListApiService.swift in Sources */,
				4E966C7428AB6F52006BC9A1 /* AlbumListCoordinator.swift in Sources */,
				4E966C3728AB67C9006BC9A1 /* AppDelegate.swift in Sources */,
				4EBF493E28AD3B38000D01B0 /* Track.swift in Sources */,
				4EBF492F28AD0865000D01B0 /* Artist.swift in Sources */,
				4E966C7828AB7572006BC9A1 /* AlbumInfoCoordinator.swift in Sources */,
				4EBF493228AD0953000D01B0 /* SearchArtistApiService.swift in Sources */,
				4EBF492928ACF460000D01B0 /* CustomColors.swift in Sources */,
				4EBF493628AD1CB0000D01B0 /* ApiError.swift in Sources */,
				4E966C3928AB67C9006BC9A1 /* SceneDelegate.swift in Sources */,
				4EBF493428AD09F6000D01B0 /* ApiClient.swift in Sources */,
				4EBF493828AD1CC7000D01B0 /* Resource.swift in Sources */,
			);
			runOnlyForDeploymentPostprocessing = 0;
		};
		4E966C4528AB67CB006BC9A1 /* Sources */ = {
			isa = PBXSourcesBuildPhase;
			buildActionMask = 2147483647;
			files = (
				4E966C4E28AB67CB006BC9A1 /* TIDAL_AssignmentTests.swift in Sources */,
			);
			runOnlyForDeploymentPostprocessing = 0;
		};
		4E966C4F28AB67CB006BC9A1 /* Sources */ = {
			isa = PBXSourcesBuildPhase;
			buildActionMask = 2147483647;
			files = (
				4E966C5A28AB67CB006BC9A1 /* TIDAL_AssignmentUITestsLaunchTests.swift in Sources */,
				4E966C5828AB67CB006BC9A1 /* TIDAL_AssignmentUITests.swift in Sources */,
			);
			runOnlyForDeploymentPostprocessing = 0;
		};
/* End PBXSourcesBuildPhase section */

/* Begin PBXTargetDependency section */
		4E966C4B28AB67CB006BC9A1 /* PBXTargetDependency */ = {
			isa = PBXTargetDependency;
			target = 4E966C3228AB67C9006BC9A1 /* TIDAL-Assignment */;
			targetProxy = 4E966C4A28AB67CB006BC9A1 /* PBXContainerItemProxy */;
		};
		4E966C5528AB67CB006BC9A1 /* PBXTargetDependency */ = {
			isa = PBXTargetDependency;
			target = 4E966C3228AB67C9006BC9A1 /* TIDAL-Assignment */;
			targetProxy = 4E966C5428AB67CB006BC9A1 /* PBXContainerItemProxy */;
		};
/* End PBXTargetDependency section */

/* Begin PBXVariantGroup section */
		4E966C4128AB67CB006BC9A1 /* LaunchScreen.storyboard */ = {
			isa = PBXVariantGroup;
			children = (
				4E966C4228AB67CB006BC9A1 /* Base */,
			);
			name = LaunchScreen.storyboard;
			sourceTree = "<group>";
		};
/* End PBXVariantGroup section */

/* Begin XCBuildConfiguration section */
		4E966C5B28AB67CB006BC9A1 /* Debug */ = {
			isa = XCBuildConfiguration;
			buildSettings = {
				ALWAYS_SEARCH_USER_PATHS = NO;
				CLANG_ANALYZER_NONNULL = YES;
				CLANG_ANALYZER_NUMBER_OBJECT_CONVERSION = YES_AGGRESSIVE;
				CLANG_CXX_LANGUAGE_STANDARD = "gnu++17";
				CLANG_ENABLE_MODULES = YES;
				CLANG_ENABLE_OBJC_ARC = YES;
				CLANG_ENABLE_OBJC_WEAK = YES;
				CLANG_WARN_BLOCK_CAPTURE_AUTORELEASING = YES;
				CLANG_WARN_BOOL_CONVERSION = YES;
				CLANG_WARN_COMMA = YES;
				CLANG_WARN_CONSTANT_CONVERSION = YES;
				CLANG_WARN_DEPRECATED_OBJC_IMPLEMENTATIONS = YES;
				CLANG_WARN_DIRECT_OBJC_ISA_USAGE = YES_ERROR;
				CLANG_WARN_DOCUMENTATION_COMMENTS = YES;
				CLANG_WARN_EMPTY_BODY = YES;
				CLANG_WARN_ENUM_CONVERSION = YES;
				CLANG_WARN_INFINITE_RECURSION = YES;
				CLANG_WARN_INT_CONVERSION = YES;
				CLANG_WARN_NON_LITERAL_NULL_CONVERSION = YES;
				CLANG_WARN_OBJC_IMPLICIT_RETAIN_SELF = YES;
				CLANG_WARN_OBJC_LITERAL_CONVERSION = YES;
				CLANG_WARN_OBJC_ROOT_CLASS = YES_ERROR;
				CLANG_WARN_QUOTED_INCLUDE_IN_FRAMEWORK_HEADER = YES;
				CLANG_WARN_RANGE_LOOP_ANALYSIS = YES;
				CLANG_WARN_STRICT_PROTOTYPES = YES;
				CLANG_WARN_SUSPICIOUS_MOVE = YES;
				CLANG_WARN_UNGUARDED_AVAILABILITY = YES_AGGRESSIVE;
				CLANG_WARN_UNREACHABLE_CODE = YES;
				CLANG_WARN__DUPLICATE_METHOD_MATCH = YES;
				COPY_PHASE_STRIP = NO;
				DEBUG_INFORMATION_FORMAT = dwarf;
				ENABLE_STRICT_OBJC_MSGSEND = YES;
				ENABLE_TESTABILITY = YES;
				GCC_C_LANGUAGE_STANDARD = gnu11;
				GCC_DYNAMIC_NO_PIC = NO;
				GCC_NO_COMMON_BLOCKS = YES;
				GCC_OPTIMIZATION_LEVEL = 0;
				GCC_PREPROCESSOR_DEFINITIONS = (
					"DEBUG=1",
					"$(inherited)",
				);
				GCC_WARN_64_TO_32_BIT_CONVERSION = YES;
				GCC_WARN_ABOUT_RETURN_TYPE = YES_ERROR;
				GCC_WARN_UNDECLARED_SELECTOR = YES;
				GCC_WARN_UNINITIALIZED_AUTOS = YES_AGGRESSIVE;
				GCC_WARN_UNUSED_FUNCTION = YES;
				GCC_WARN_UNUSED_VARIABLE = YES;
				IPHONEOS_DEPLOYMENT_TARGET = 15.5;
				MTL_ENABLE_DEBUG_INFO = INCLUDE_SOURCE;
				MTL_FAST_MATH = YES;
				ONLY_ACTIVE_ARCH = YES;
				SDKROOT = iphoneos;
				SWIFT_ACTIVE_COMPILATION_CONDITIONS = DEBUG;
				SWIFT_OPTIMIZATION_LEVEL = "-Onone";
			};
			name = Debug;
		};
		4E966C5C28AB67CB006BC9A1 /* Release */ = {
			isa = XCBuildConfiguration;
			buildSettings = {
				ALWAYS_SEARCH_USER_PATHS = NO;
				CLANG_ANALYZER_NONNULL = YES;
				CLANG_ANALYZER_NUMBER_OBJECT_CONVERSION = YES_AGGRESSIVE;
				CLANG_CXX_LANGUAGE_STANDARD = "gnu++17";
				CLANG_ENABLE_MODULES = YES;
				CLANG_ENABLE_OBJC_ARC = YES;
				CLANG_ENABLE_OBJC_WEAK = YES;
				CLANG_WARN_BLOCK_CAPTURE_AUTORELEASING = YES;
				CLANG_WARN_BOOL_CONVERSION = YES;
				CLANG_WARN_COMMA = YES;
				CLANG_WARN_CONSTANT_CONVERSION = YES;
				CLANG_WARN_DEPRECATED_OBJC_IMPLEMENTATIONS = YES;
				CLANG_WARN_DIRECT_OBJC_ISA_USAGE = YES_ERROR;
				CLANG_WARN_DOCUMENTATION_COMMENTS = YES;
				CLANG_WARN_EMPTY_BODY = YES;
				CLANG_WARN_ENUM_CONVERSION = YES;
				CLANG_WARN_INFINITE_RECURSION = YES;
				CLANG_WARN_INT_CONVERSION = YES;
				CLANG_WARN_NON_LITERAL_NULL_CONVERSION = YES;
				CLANG_WARN_OBJC_IMPLICIT_RETAIN_SELF = YES;
				CLANG_WARN_OBJC_LITERAL_CONVERSION = YES;
				CLANG_WARN_OBJC_ROOT_CLASS = YES_ERROR;
				CLANG_WARN_QUOTED_INCLUDE_IN_FRAMEWORK_HEADER = YES;
				CLANG_WARN_RANGE_LOOP_ANALYSIS = YES;
				CLANG_WARN_STRICT_PROTOTYPES = YES;
				CLANG_WARN_SUSPICIOUS_MOVE = YES;
				CLANG_WARN_UNGUARDED_AVAILABILITY = YES_AGGRESSIVE;
				CLANG_WARN_UNREACHABLE_CODE = YES;
				CLANG_WARN__DUPLICATE_METHOD_MATCH = YES;
				COPY_PHASE_STRIP = NO;
				DEBUG_INFORMATION_FORMAT = "dwarf-with-dsym";
				ENABLE_NS_ASSERTIONS = NO;
				ENABLE_STRICT_OBJC_MSGSEND = YES;
				GCC_C_LANGUAGE_STANDARD = gnu11;
				GCC_NO_COMMON_BLOCKS = YES;
				GCC_WARN_64_TO_32_BIT_CONVERSION = YES;
				GCC_WARN_ABOUT_RETURN_TYPE = YES_ERROR;
				GCC_WARN_UNDECLARED_SELECTOR = YES;
				GCC_WARN_UNINITIALIZED_AUTOS = YES_AGGRESSIVE;
				GCC_WARN_UNUSED_FUNCTION = YES;
				GCC_WARN_UNUSED_VARIABLE = YES;
				IPHONEOS_DEPLOYMENT_TARGET = 15.5;
				MTL_ENABLE_DEBUG_INFO = NO;
				MTL_FAST_MATH = YES;
				SDKROOT = iphoneos;
				SWIFT_COMPILATION_MODE = wholemodule;
				SWIFT_OPTIMIZATION_LEVEL = "-O";
				VALIDATE_PRODUCT = YES;
			};
			name = Release;
		};
		4E966C5E28AB67CB006BC9A1 /* Debug */ = {
			isa = XCBuildConfiguration;
			buildSettings = {
				ASSETCATALOG_COMPILER_APPICON_NAME = AppIcon;
				ASSETCATALOG_COMPILER_GLOBAL_ACCENT_COLOR_NAME = AccentColor;
				CODE_SIGN_STYLE = Automatic;
				CURRENT_PROJECT_VERSION = 1;
				DEVELOPMENT_TEAM = 2Q825G55QC;
				GENERATE_INFOPLIST_FILE = YES;
				INFOPLIST_FILE = "TIDAL-Assignment/Info.plist";
				INFOPLIST_KEY_UIApplicationSupportsIndirectInputEvents = YES;
				INFOPLIST_KEY_UILaunchStoryboardName = LaunchScreen;
				INFOPLIST_KEY_UISupportedInterfaceOrientations_iPad = "UIInterfaceOrientationPortrait UIInterfaceOrientationPortraitUpsideDown UIInterfaceOrientationLandscapeLeft UIInterfaceOrientationLandscapeRight";
				INFOPLIST_KEY_UISupportedInterfaceOrientations_iPhone = "UIInterfaceOrientationPortrait UIInterfaceOrientationLandscapeLeft UIInterfaceOrientationLandscapeRight";
				LD_RUNPATH_SEARCH_PATHS = (
					"$(inherited)",
					"@executable_path/Frameworks",
				);
				MARKETING_VERSION = 1.0;
				PRODUCT_BUNDLE_IDENTIFIER = "com.albertosendra.TIDAL-Assignment";
				PRODUCT_NAME = "$(TARGET_NAME)";
				SWIFT_EMIT_LOC_STRINGS = YES;
				SWIFT_VERSION = 5.0;
				TARGETED_DEVICE_FAMILY = "1,2";
			};
			name = Debug;
		};
		4E966C5F28AB67CB006BC9A1 /* Release */ = {
			isa = XCBuildConfiguration;
			buildSettings = {
				ASSETCATALOG_COMPILER_APPICON_NAME = AppIcon;
				ASSETCATALOG_COMPILER_GLOBAL_ACCENT_COLOR_NAME = AccentColor;
				CODE_SIGN_STYLE = Automatic;
				CURRENT_PROJECT_VERSION = 1;
				DEVELOPMENT_TEAM = 2Q825G55QC;
				GENERATE_INFOPLIST_FILE = YES;
				INFOPLIST_FILE = "TIDAL-Assignment/Info.plist";
				INFOPLIST_KEY_UIApplicationSupportsIndirectInputEvents = YES;
				INFOPLIST_KEY_UILaunchStoryboardName = LaunchScreen;
				INFOPLIST_KEY_UISupportedInterfaceOrientations_iPad = "UIInterfaceOrientationPortrait UIInterfaceOrientationPortraitUpsideDown UIInterfaceOrientationLandscapeLeft UIInterfaceOrientationLandscapeRight";
				INFOPLIST_KEY_UISupportedInterfaceOrientations_iPhone = "UIInterfaceOrientationPortrait UIInterfaceOrientationLandscapeLeft UIInterfaceOrientationLandscapeRight";
				LD_RUNPATH_SEARCH_PATHS = (
					"$(inherited)",
					"@executable_path/Frameworks",
				);
				MARKETING_VERSION = 1.0;
				PRODUCT_BUNDLE_IDENTIFIER = "com.albertosendra.TIDAL-Assignment";
				PRODUCT_NAME = "$(TARGET_NAME)";
				SWIFT_EMIT_LOC_STRINGS = YES;
				SWIFT_VERSION = 5.0;
				TARGETED_DEVICE_FAMILY = "1,2";
			};
			name = Release;
		};
		4E966C6128AB67CB006BC9A1 /* Debug */ = {
			isa = XCBuildConfiguration;
			buildSettings = {
				ALWAYS_EMBED_SWIFT_STANDARD_LIBRARIES = YES;
				BUNDLE_LOADER = "$(TEST_HOST)";
				CODE_SIGN_STYLE = Automatic;
				CURRENT_PROJECT_VERSION = 1;
				DEVELOPMENT_TEAM = 2Q825G55QC;
				GENERATE_INFOPLIST_FILE = YES;
				IPHONEOS_DEPLOYMENT_TARGET = 15.5;
				MARKETING_VERSION = 1.0;
				PRODUCT_BUNDLE_IDENTIFIER = "com.albertosendra.TIDAL-AssignmentTests";
				PRODUCT_NAME = "$(TARGET_NAME)";
				SWIFT_EMIT_LOC_STRINGS = NO;
				SWIFT_VERSION = 5.0;
				TARGETED_DEVICE_FAMILY = "1,2";
				TEST_HOST = "$(BUILT_PRODUCTS_DIR)/TIDAL-Assignment.app/TIDAL-Assignment";
			};
			name = Debug;
		};
		4E966C6228AB67CB006BC9A1 /* Release */ = {
			isa = XCBuildConfiguration;
			buildSettings = {
				ALWAYS_EMBED_SWIFT_STANDARD_LIBRARIES = YES;
				BUNDLE_LOADER = "$(TEST_HOST)";
				CODE_SIGN_STYLE = Automatic;
				CURRENT_PROJECT_VERSION = 1;
				DEVELOPMENT_TEAM = 2Q825G55QC;
				GENERATE_INFOPLIST_FILE = YES;
				IPHONEOS_DEPLOYMENT_TARGET = 15.5;
				MARKETING_VERSION = 1.0;
				PRODUCT_BUNDLE_IDENTIFIER = "com.albertosendra.TIDAL-AssignmentTests";
				PRODUCT_NAME = "$(TARGET_NAME)";
				SWIFT_EMIT_LOC_STRINGS = NO;
				SWIFT_VERSION = 5.0;
				TARGETED_DEVICE_FAMILY = "1,2";
				TEST_HOST = "$(BUILT_PRODUCTS_DIR)/TIDAL-Assignment.app/TIDAL-Assignment";
			};
			name = Release;
		};
		4E966C6428AB67CB006BC9A1 /* Debug */ = {
			isa = XCBuildConfiguration;
			buildSettings = {
				ALWAYS_EMBED_SWIFT_STANDARD_LIBRARIES = YES;
				CODE_SIGN_STYLE = Automatic;
				CURRENT_PROJECT_VERSION = 1;
				DEVELOPMENT_TEAM = 2Q825G55QC;
				GENERATE_INFOPLIST_FILE = YES;
				MARKETING_VERSION = 1.0;
				PRODUCT_BUNDLE_IDENTIFIER = "com.albertosendra.TIDAL-AssignmentUITests";
				PRODUCT_NAME = "$(TARGET_NAME)";
				SWIFT_EMIT_LOC_STRINGS = NO;
				SWIFT_VERSION = 5.0;
				TARGETED_DEVICE_FAMILY = "1,2";
				TEST_TARGET_NAME = "TIDAL-Assignment";
			};
			name = Debug;
		};
		4E966C6528AB67CB006BC9A1 /* Release */ = {
			isa = XCBuildConfiguration;
			buildSettings = {
				ALWAYS_EMBED_SWIFT_STANDARD_LIBRARIES = YES;
				CODE_SIGN_STYLE = Automatic;
				CURRENT_PROJECT_VERSION = 1;
				DEVELOPMENT_TEAM = 2Q825G55QC;
				GENERATE_INFOPLIST_FILE = YES;
				MARKETING_VERSION = 1.0;
				PRODUCT_BUNDLE_IDENTIFIER = "com.albertosendra.TIDAL-AssignmentUITests";
				PRODUCT_NAME = "$(TARGET_NAME)";
				SWIFT_EMIT_LOC_STRINGS = NO;
				SWIFT_VERSION = 5.0;
				TARGETED_DEVICE_FAMILY = "1,2";
				TEST_TARGET_NAME = "TIDAL-Assignment";
			};
			name = Release;
		};
/* End XCBuildConfiguration section */

/* Begin XCConfigurationList section */
		4E966C2E28AB67C9006BC9A1 /* Build configuration list for PBXProject "TIDAL-Assignment" */ = {
			isa = XCConfigurationList;
			buildConfigurations = (
				4E966C5B28AB67CB006BC9A1 /* Debug */,
				4E966C5C28AB67CB006BC9A1 /* Release */,
			);
			defaultConfigurationIsVisible = 0;
			defaultConfigurationName = Release;
		};
		4E966C5D28AB67CB006BC9A1 /* Build configuration list for PBXNativeTarget "TIDAL-Assignment" */ = {
			isa = XCConfigurationList;
			buildConfigurations = (
				4E966C5E28AB67CB006BC9A1 /* Debug */,
				4E966C5F28AB67CB006BC9A1 /* Release */,
			);
			defaultConfigurationIsVisible = 0;
			defaultConfigurationName = Release;
		};
		4E966C6028AB67CB006BC9A1 /* Build configuration list for PBXNativeTarget "TIDAL-AssignmentTests" */ = {
			isa = XCConfigurationList;
			buildConfigurations = (
				4E966C6128AB67CB006BC9A1 /* Debug */,
				4E966C6228AB67CB006BC9A1 /* Release */,
			);
			defaultConfigurationIsVisible = 0;
			defaultConfigurationName = Release;
		};
		4E966C6328AB67CB006BC9A1 /* Build configuration list for PBXNativeTarget "TIDAL-AssignmentUITests" */ = {
			isa = XCConfigurationList;
			buildConfigurations = (
				4E966C6428AB67CB006BC9A1 /* Debug */,
				4E966C6528AB67CB006BC9A1 /* Release */,
			);
			defaultConfigurationIsVisible = 0;
			defaultConfigurationName = Release;
		};
/* End XCConfigurationList section */
	};
	rootObject = 4E966C2B28AB67C9006BC9A1 /* Project object */;
}
